{
  "name": "Fable.Msal",
  "lockfileVersion": 2,
  "requires": true,
  "packages": {
    "": {
      "dependencies": {
        "@azure/msal-browser": "^2.23.0"
      }
    },
    "node_modules/@azure/msal-browser": {
      "version": "2.24.0",
      "resolved": "https://registry.npmjs.org/@azure/msal-browser/-/msal-browser-2.24.0.tgz",
      "integrity": "sha512-P4Z8mQ6hTuA9ss3HCltso7fRmuX1raaU6444G35c0FhaD6hfqViFYRa7hk16AiAs9HkUQHbBaL3gLjKMpX3heA==",
      "dependencies": {
        "@azure/msal-common": "^6.3.0"
      },
      "engines": {
        "node": ">=0.8.0"
      }
    },
    "node_modules/@azure/msal-common": {
      "version": "6.3.0",
      "resolved": "https://registry.npmjs.org/@azure/msal-common/-/msal-common-6.3.0.tgz",
      "integrity": "sha512-ZyLq9GdnLBi/83YpysE86TFKbA0TuvfNAN5Psqu20cdAjLo/4rw4ttiItdh1G//XeGErHk9qn57gi2AYU1b5/Q==",
      "engines": {
        "node": ">=0.8.0"
      }
    }
  },
  "dependencies": {
    "@azure/msal-browser": {
      "version": "2.24.0",
      "resolved": "https://registry.npmjs.org/@azure/msal-browser/-/msal-browser-2.24.0.tgz",
      "integrity": "sha512-P4Z8mQ6hTuA9ss3HCltso7fRmuX1raaU6444G35c0FhaD6hfqViFYRa7hk16AiAs9HkUQHbBaL3gLjKMpX3heA==",
      "requires": {
        "@azure/msal-common": "^6.3.0"
      }
    },
    "@azure/msal-common": {
      "version": "6.3.0",
      "resolved": "https://registry.npmjs.org/@azure/msal-common/-/msal-common-6.3.0.tgz",
      "integrity": "sha512-ZyLq9GdnLBi/83YpysE86TFKbA0TuvfNAN5Psqu20cdAjLo/4rw4ttiItdh1G//XeGErHk9qn57gi2AYU1b5/Q=="
    }
  }
}
