{
  "name": "Fable.Msal",
  "lockfileVersion": 2,
  "requires": true,
  "packages": {
    "": {
      "dependencies": {
        "@azure/msal-browser": "^2.25.0"
      }
    },
    "node_modules/@azure/msal-browser": {
      "version": "2.25.0",
      "resolved": "https://registry.npmjs.org/@azure/msal-browser/-/msal-browser-2.25.0.tgz",
      "integrity": "sha512-hXyqNqNO1pcGqfPLBFutqlsk4VvXXuj0SLXdFpV3dq/dPUgbXDj+9ZkY/Lm+GyqWKBjKuU2AXDOhL9qDjwAWVw==",
      "dependencies": {
        "@azure/msal-common": "^6.4.0"
      },
      "engines": {
        "node": ">=0.8.0"
      }
    },
    "node_modules/@azure/msal-common": {
      "version": "6.4.0",
      "resolved": "https://registry.npmjs.org/@azure/msal-common/-/msal-common-6.4.0.tgz",
      "integrity": "sha512-WZdgq9f9O8cbxGzdRwLLMM5xjmLJ2mdtuzgXeiGxIRkVVlJ9nZ6sWnDFKa2TX8j72UXD1IfL0p/RYNoTXYoGfg==",
      "engines": {
        "node": ">=0.8.0"
      }
    }
  },
  "dependencies": {
    "@azure/msal-browser": {
      "version": "2.25.0",
      "resolved": "https://registry.npmjs.org/@azure/msal-browser/-/msal-browser-2.25.0.tgz",
      "integrity": "sha512-hXyqNqNO1pcGqfPLBFutqlsk4VvXXuj0SLXdFpV3dq/dPUgbXDj+9ZkY/Lm+GyqWKBjKuU2AXDOhL9qDjwAWVw==",
      "requires": {
        "@azure/msal-common": "^6.4.0"
      }
    },
    "@azure/msal-common": {
      "version": "6.4.0",
      "resolved": "https://registry.npmjs.org/@azure/msal-common/-/msal-common-6.4.0.tgz",
      "integrity": "sha512-WZdgq9f9O8cbxGzdRwLLMM5xjmLJ2mdtuzgXeiGxIRkVVlJ9nZ6sWnDFKa2TX8j72UXD1IfL0p/RYNoTXYoGfg=="
    }
  }
}
